
Microsoft Visual Studio Solution File, Format Version 12.00
# Visual Studio Version 17
VisualStudioVersion = 17.8.34330.188
MinimumVisualStudioVersion = 10.0.40219.1
Project("{FAE04EC0-301F-11D3-BF4B-00C04F79EFBC}") = "Inversion d'un tableau", "Inversion d'un tableau.csproj", "{0D933BB8-C33B-4F8A-81BB-68ADE539441B}"
EndProject
Global
	GlobalSection(SolutionConfigurationPlatforms) = preSolution
		Debug|Any CPU = Debug|Any CPU
		Release|Any CPU = Release|Any CPU
	EndGlobalSection
	GlobalSection(ProjectConfigurationPlatforms) = postSolution
		{0D933BB8-C33B-4F8A-81BB-68ADE539441B}.Debug|Any CPU.ActiveCfg = Debug|Any CPU
		{0D933BB8-C33B-4F8A-81BB-68ADE539441B}.Debug|Any CPU.Build.0 = Debug|Any CPU
		{0D933BB8-C33B-4F8A-81BB-68ADE539441B}.Release|Any CPU.ActiveCfg = Release|Any CPU
		{0D933BB8-C33B-4F8A-81BB-68ADE539441B}.Release|Any CPU.Build.0 = Release|Any CPU
	EndGlobalSection
	GlobalSection(SolutionProperties) = preSolution
		HideSolutionNode = FALSE
	EndGlobalSection
	GlobalSection(ExtensibilityGlobals) = postSolution
		SolutionGuid = {1E2EE3A3-AE2A-4316-8975-C6E4BEE8905E}
	EndGlobalSection
EndGlobal
