
Microsoft Visual Studio Solution File, Format Version 12.00
# Visual Studio Version 17
VisualStudioVersion = 17.8.34330.188
MinimumVisualStudioVersion = 10.0.40219.1
Project("{FAE04EC0-301F-11D3-BF4B-00C04F79EFBC}") = "Somme des éléments d'un tableau", "Somme des éléments d'un tableau.csproj", "{2D081C3D-7710-4C2F-B778-F6862F22FA03}"
EndProject
Global
	GlobalSection(SolutionConfigurationPlatforms) = preSolution
		Debug|Any CPU = Debug|Any CPU
		Release|Any CPU = Release|Any CPU
	EndGlobalSection
	GlobalSection(ProjectConfigurationPlatforms) = postSolution
		{2D081C3D-7710-4C2F-B778-F6862F22FA03}.Debug|Any CPU.ActiveCfg = Debug|Any CPU
		{2D081C3D-7710-4C2F-B778-F6862F22FA03}.Debug|Any CPU.Build.0 = Debug|Any CPU
		{2D081C3D-7710-4C2F-B778-F6862F22FA03}.Release|Any CPU.ActiveCfg = Release|Any CPU
		{2D081C3D-7710-4C2F-B778-F6862F22FA03}.Release|Any CPU.Build.0 = Release|Any CPU
	EndGlobalSection
	GlobalSection(SolutionProperties) = preSolution
		HideSolutionNode = FALSE
	EndGlobalSection
	GlobalSection(ExtensibilityGlobals) = postSolution
		SolutionGuid = {5DA11F6F-9172-43A9-A685-796C671D956E}
	EndGlobalSection
EndGlobal
